
Microsoft Visual Studio Solution File, Format Version 12.00
# Visual Studio Version 17
VisualStudioVersion = 17.4.33213.308
MinimumVisualStudioVersion = 10.0.40219.1
Project("{FAE04EC0-301F-11D3-BF4B-00C04F79EFBC}") = "casino", "casino.csproj", "{ECE015B2-E5FE-4A94-9BFC-7DBFB2276144}"
EndProject
Global
	GlobalSection(SolutionConfigurationPlatforms) = preSolution
		Debug|Any CPU = Debug|Any CPU
		Release|Any CPU = Release|Any CPU
	EndGlobalSection
	GlobalSection(ProjectConfigurationPlatforms) = postSolution
		{ECE015B2-E5FE-4A94-9BFC-7DBFB2276144}.Debug|Any CPU.ActiveCfg = Debug|Any CPU
		{ECE015B2-E5FE-4A94-9BFC-7DBFB2276144}.Debug|Any CPU.Build.0 = Debug|Any CPU
		{ECE015B2-E5FE-4A94-9BFC-7DBFB2276144}.Release|Any CPU.ActiveCfg = Release|Any CPU
		{ECE015B2-E5FE-4A94-9BFC-7DBFB2276144}.Release|Any CPU.Build.0 = Release|Any CPU
	EndGlobalSection
	GlobalSection(SolutionProperties) = preSolution
		HideSolutionNode = FALSE
	EndGlobalSection
	GlobalSection(ExtensibilityGlobals) = postSolution
		SolutionGuid = {DBF1B695-468A-47A8-9260-C09B0E1691A5}
	EndGlobalSection
EndGlobal
